// !$*UTF8*$!
{
	archiveVersion = 1;
	classes = {
	};
	objectVersion = 56;
	objects = {

/* Begin PBXBuildFile section */
		874F8D0F296E135000C85468 /* PlantList.swift in Sources */ = {isa = PBXBuildFile; fileRef = 874F8D0E296E135000C85468 /* PlantList.swift */; };
		874F8D112970213B00C85468 /* confetti.json in Resources */ = {isa = PBXBuildFile; fileRef = 874F8D102970213B00C85468 /* confetti.json */; };
		874F8D142970232100C85468 /* Localizable.strings in Resources */ = {isa = PBXBuildFile; fileRef = 874F8D162970232100C85468 /* Localizable.strings */; };
		874F8D192970568800C85468 /* timer.swift in Sources */ = {isa = PBXBuildFile; fileRef = 874F8D182970568800C85468 /* timer.swift */; };
		87682435296C78FA003758A2 /* MyGarden2App.swift in Sources */ = {isa = PBXBuildFile; fileRef = 87682434296C78FA003758A2 /* MyGarden2App.swift */; };
		87682437296C78FA003758A2 /* ContentView.swift in Sources */ = {isa = PBXBuildFile; fileRef = 87682436296C78FA003758A2 /* ContentView.swift */; };
		87682439296C78FB003758A2 /* Assets.xcassets in Resources */ = {isa = PBXBuildFile; fileRef = 87682438296C78FB003758A2 /* Assets.xcassets */; };
		8768243D296C78FB003758A2 /* Preview Assets.xcassets in Resources */ = {isa = PBXBuildFile; fileRef = 8768243C296C78FB003758A2 /* Preview Assets.xcassets */; };
		87682447296C78FB003758A2 /* MyGarden2Tests.swift in Sources */ = {isa = PBXBuildFile; fileRef = 87682446296C78FB003758A2 /* MyGarden2Tests.swift */; };
		87682451296C78FB003758A2 /* MyGarden2UITests.swift in Sources */ = {isa = PBXBuildFile; fileRef = 87682450296C78FB003758A2 /* MyGarden2UITests.swift */; };
		87682453296C78FB003758A2 /* MyGarden2UITestsLaunchTests.swift in Sources */ = {isa = PBXBuildFile; fileRef = 87682452296C78FB003758A2 /* MyGarden2UITestsLaunchTests.swift */; };
		87682460296CDF81003758A2 /* File.swift in Sources */ = {isa = PBXBuildFile; fileRef = 8768245F296CDF81003758A2 /* File.swift */; };
		8768246A296D8414003758A2 /* SwiftUIView.swift in Sources */ = {isa = PBXBuildFile; fileRef = 87682469296D8414003758A2 /* SwiftUIView.swift */; };
		8768246E296D85D5003758A2 /* LottieView.swift in Sources */ = {isa = PBXBuildFile; fileRef = 8768246D296D85D5003758A2 /* LottieView.swift */; };
		87682471296D8672003758A2 /* Lottie in Frameworks */ = {isa = PBXBuildFile; productRef = 87682470296D8672003758A2 /* Lottie */; };
		87682473296D869F003758A2 /* plant 1.json in Resources */ = {isa = PBXBuildFile; fileRef = 87682472296D869F003758A2 /* plant 1.json */; };
		87682475296D86B5003758A2 /* Comp 1-4.json in Resources */ = {isa = PBXBuildFile; fileRef = 87682474296D86B5003758A2 /* Comp 1-4.json */; };
		87682477296D86F5003758A2 /* Comp 1-6.json in Resources */ = {isa = PBXBuildFile; fileRef = 87682476296D86F5003758A2 /* Comp 1-6.json */; };
		8768247A296DA145003758A2 /* Realm in Frameworks */ = {isa = PBXBuildFile; productRef = 87682479296DA145003758A2 /* Realm */; };
		8768247C296DA145003758A2 /* RealmSwift in Frameworks */ = {isa = PBXBuildFile; productRef = 8768247B296DA145003758A2 /* RealmSwift */; };
		87682481296DB2C4003758A2 /* ViewModel.swift in Sources */ = {isa = PBXBuildFile; fileRef = 87682480296DB2C4003758A2 /* ViewModel.swift */; };
		87682483296DB2F7003758A2 /* Plant.swift in Sources */ = {isa = PBXBuildFile; fileRef = 87682482296DB2F7003758A2 /* Plant.swift */; };
/* End PBXBuildFile section */

/* Begin PBXContainerItemProxy section */
		87682443296C78FB003758A2 /* PBXContainerItemProxy */ = {
			isa = PBXContainerItemProxy;
			containerPortal = 87682429296C78FA003758A2 /* Project object */;
			proxyType = 1;
			remoteGlobalIDString = 87682430296C78FA003758A2;
			remoteInfo = MyGarden2;
		};
		8768244D296C78FB003758A2 /* PBXContainerItemProxy */ = {
			isa = PBXContainerItemProxy;
			containerPortal = 87682429296C78FA003758A2 /* Project object */;
			proxyType = 1;
			remoteGlobalIDString = 87682430296C78FA003758A2;
			remoteInfo = MyGarden2;
		};
/* End PBXContainerItemProxy section */

/* Begin PBXFileReference section */
		874F8D0E296E135000C85468 /* PlantList.swift */ = {isa = PBXFileReference; lastKnownFileType = sourcecode.swift; path = PlantList.swift; sourceTree = "<group>"; };
		874F8D102970213B00C85468 /* confetti.json */ = {isa = PBXFileReference; fileEncoding = 4; lastKnownFileType = text.json; name = confetti.json; path = ../../../Downloads/Malak$Reema/Plant/confetti.json; sourceTree = "<group>"; };
		874F8D152970232100C85468 /* en */ = {isa = PBXFileReference; lastKnownFileType = text.plist.strings; name = en; path = en.lproj/Localizable.strings; sourceTree = "<group>"; };
		874F8D172970232700C85468 /* ar */ = {isa = PBXFileReference; lastKnownFileType = text.plist.strings; name = ar; path = ar.lproj/Localizable.strings; sourceTree = "<group>"; };
		874F8D182970568800C85468 /* timer.swift */ = {isa = PBXFileReference; lastKnownFileType = sourcecode.swift; path = timer.swift; sourceTree = "<group>"; };
		87682431296C78FA003758A2 /* MyGarden2.app */ = {isa = PBXFileReference; explicitFileType = wrapper.application; includeInIndex = 0; path = MyGarden2.app; sourceTree = BUILT_PRODUCTS_DIR; };
		87682434296C78FA003758A2 /* MyGarden2App.swift */ = {isa = PBXFileReference; lastKnownFileType = sourcecode.swift; path = MyGarden2App.swift; sourceTree = "<group>"; };
		87682436296C78FA003758A2 /* ContentView.swift */ = {isa = PBXFileReference; lastKnownFileType = sourcecode.swift; path = ContentView.swift; sourceTree = "<group>"; };
		87682438296C78FB003758A2 /* Assets.xcassets */ = {isa = PBXFileReference; lastKnownFileType = folder.assetcatalog; path = Assets.xcassets; sourceTree = "<group>"; };
		8768243A296C78FB003758A2 /* MyGarden2.entitlements */ = {isa = PBXFileReference; lastKnownFileType = text.plist.entitlements; path = MyGarden2.entitlements; sourceTree = "<group>"; };
		8768243C296C78FB003758A2 /* Preview Assets.xcassets */ = {isa = PBXFileReference; lastKnownFileType = folder.assetcatalog; path = "Preview Assets.xcassets"; sourceTree = "<group>"; };
		87682442296C78FB003758A2 /* MyGarden2Tests.xctest */ = {isa = PBXFileReference; explicitFileType = wrapper.cfbundle; includeInIndex = 0; path = MyGarden2Tests.xctest; sourceTree = BUILT_PRODUCTS_DIR; };
		87682446296C78FB003758A2 /* MyGarden2Tests.swift */ = {isa = PBXFileReference; lastKnownFileType = sourcecode.swift; path = MyGarden2Tests.swift; sourceTree = "<group>"; };
		8768244C296C78FB003758A2 /* MyGarden2UITests.xctest */ = {isa = PBXFileReference; explicitFileType = wrapper.cfbundle; includeInIndex = 0; path = MyGarden2UITests.xctest; sourceTree = BUILT_PRODUCTS_DIR; };
		87682450296C78FB003758A2 /* MyGarden2UITests.swift */ = {isa = PBXFileReference; lastKnownFileType = sourcecode.swift; path = MyGarden2UITests.swift; sourceTree = "<group>"; };
		87682452296C78FB003758A2 /* MyGarden2UITestsLaunchTests.swift */ = {isa = PBXFileReference; lastKnownFileType = sourcecode.swift; path = MyGarden2UITestsLaunchTests.swift; sourceTree = "<group>"; };
		8768245F296CDF81003758A2 /* File.swift */ = {isa = PBXFileReference; lastKnownFileType = sourcecode.swift; path = File.swift; sourceTree = "<group>"; };
		87682469296D8414003758A2 /* SwiftUIView.swift */ = {isa = PBXFileReference; lastKnownFileType = sourcecode.swift; path = SwiftUIView.swift; sourceTree = "<group>"; };
		8768246D296D85D5003758A2 /* LottieView.swift */ = {isa = PBXFileReference; lastKnownFileType = sourcecode.swift; path = LottieView.swift; sourceTree = "<group>"; };
		87682472296D869F003758A2 /* plant 1.json */ = {isa = PBXFileReference; fileEncoding = 4; lastKnownFileType = text.json; name = "plant 1.json"; path = "../../../Downloads/plant 1.json"; sourceTree = "<group>"; };
		87682474296D86B5003758A2 /* Comp 1-4.json */ = {isa = PBXFileReference; fileEncoding = 4; lastKnownFileType = text.json; name = "Comp 1-4.json"; path = "../../../Downloads/Comp 1-4.json"; sourceTree = "<group>"; };
		87682476296D86F5003758A2 /* Comp 1-6.json */ = {isa = PBXFileReference; fileEncoding = 4; lastKnownFileType = text.json; name = "Comp 1-6.json"; path = "../../../Downloads/Comp 1-6.json"; sourceTree = "<group>"; };
		87682480296DB2C4003758A2 /* ViewModel.swift */ = {isa = PBXFileReference; lastKnownFileType = sourcecode.swift; path = ViewModel.swift; sourceTree = "<group>"; };
		87682482296DB2F7003758A2 /* Plant.swift */ = {isa = PBXFileReference; lastKnownFileType = sourcecode.swift; path = Plant.swift; sourceTree = "<group>"; };
/* End PBXFileReference section */

/* Begin PBXFrameworksBuildPhase section */
		8768242E296C78FA003758A2 /* Frameworks */ = {
			isa = PBXFrameworksBuildPhase;
			buildActionMask = 2147483647;
			files = (
				8768247C296DA145003758A2 /* RealmSwift in Frameworks */,
				8768247A296DA145003758A2 /* Realm in Frameworks */,
				87682471296D8672003758A2 /* Lottie in Frameworks */,
			);
			runOnlyForDeploymentPostprocessing = 0;
		};
		8768243F296C78FB003758A2 /* Frameworks */ = {
			isa = PBXFrameworksBuildPhase;
			buildActionMask = 2147483647;
			files = (
			);
			runOnlyForDeploymentPostprocessing = 0;
		};
		87682449296C78FB003758A2 /* Frameworks */ = {
			isa = PBXFrameworksBuildPhase;
			buildActionMask = 2147483647;
			files = (
			);
			runOnlyForDeploymentPostprocessing = 0;
		};
/* End PBXFrameworksBuildPhase section */

/* Begin PBXGroup section */
		874F8D0D296E132B00C85468 /* Models */ = {
			isa = PBXGroup;
			children = (
				874F8D0E296E135000C85468 /* PlantList.swift */,
			);
			path = Models;
			sourceTree = "<group>";
		};
		87682428296C78FA003758A2 = {
			isa = PBXGroup;
			children = (
				874F8D162970232100C85468 /* Localizable.strings */,
				87682433296C78FA003758A2 /* MyGarden2 */,
				87682445296C78FB003758A2 /* MyGarden2Tests */,
				8768244F296C78FB003758A2 /* MyGarden2UITests */,
				87682432296C78FA003758A2 /* Products */,
			);
			sourceTree = "<group>";
		};
		87682432296C78FA003758A2 /* Products */ = {
			isa = PBXGroup;
			children = (
				87682431296C78FA003758A2 /* MyGarden2.app */,
				87682442296C78FB003758A2 /* MyGarden2Tests.xctest */,
				8768244C296C78FB003758A2 /* MyGarden2UITests.xctest */,
			);
			name = Products;
			sourceTree = "<group>";
		};
		87682433296C78FA003758A2 /* MyGarden2 */ = {
			isa = PBXGroup;
			children = (
				874F8D0D296E132B00C85468 /* Models */,
				87682434296C78FA003758A2 /* MyGarden2App.swift */,
				87682482296DB2F7003758A2 /* Plant.swift */,
				8768246D296D85D5003758A2 /* LottieView.swift */,
				87682436296C78FA003758A2 /* ContentView.swift */,
				87682469296D8414003758A2 /* SwiftUIView.swift */,
				874F8D102970213B00C85468 /* confetti.json */,
				87682472296D869F003758A2 /* plant 1.json */,
				87682476296D86F5003758A2 /* Comp 1-6.json */,
				87682474296D86B5003758A2 /* Comp 1-4.json */,
				87682438296C78FB003758A2 /* Assets.xcassets */,
				8768243A296C78FB003758A2 /* MyGarden2.entitlements */,
				8768243B296C78FB003758A2 /* Preview Content */,
				8768245F296CDF81003758A2 /* File.swift */,
				87682480296DB2C4003758A2 /* ViewModel.swift */,
				874F8D182970568800C85468 /* timer.swift */,
			);
			path = MyGarden2;
			sourceTree = "<group>";
		};
		8768243B296C78FB003758A2 /* Preview Content */ = {
			isa = PBXGroup;
			children = (
				8768243C296C78FB003758A2 /* Preview Assets.xcassets */,
			);
			path = "Preview Content";
			sourceTree = "<group>";
		};
		87682445296C78FB003758A2 /* MyGarden2Tests */ = {
			isa = PBXGroup;
			children = (
				87682446296C78FB003758A2 /* MyGarden2Tests.swift */,
			);
			path = MyGarden2Tests;
			sourceTree = "<group>";
		};
		8768244F296C78FB003758A2 /* MyGarden2UITests */ = {
			isa = PBXGroup;
			children = (
				87682450296C78FB003758A2 /* MyGarden2UITests.swift */,
				87682452296C78FB003758A2 /* MyGarden2UITestsLaunchTests.swift */,
			);
			path = MyGarden2UITests;
			sourceTree = "<group>";
		};
/* End PBXGroup section */

/* Begin PBXNativeTarget section */
		87682430296C78FA003758A2 /* MyGarden2 */ = {
			isa = PBXNativeTarget;
			buildConfigurationList = 87682456296C78FB003758A2 /* Build configuration list for PBXNativeTarget "MyGarden2" */;
			buildPhases = (
				8768242D296C78FA003758A2 /* Sources */,
				8768242E296C78FA003758A2 /* Frameworks */,
				8768242F296C78FA003758A2 /* Resources */,
			);
			buildRules = (
			);
			dependencies = (
			);
			name = MyGarden2;
			packageProductDependencies = (
				87682470296D8672003758A2 /* Lottie */,
				87682479296DA145003758A2 /* Realm */,
				8768247B296DA145003758A2 /* RealmSwift */,
			);
			productName = MyGarden2;
			productReference = 87682431296C78FA003758A2 /* MyGarden2.app */;
			productType = "com.apple.product-type.application";
		};
		87682441296C78FB003758A2 /* MyGarden2Tests */ = {
			isa = PBXNativeTarget;
			buildConfigurationList = 87682459296C78FB003758A2 /* Build configuration list for PBXNativeTarget "MyGarden2Tests" */;
			buildPhases = (
				8768243E296C78FB003758A2 /* Sources */,
				8768243F296C78FB003758A2 /* Frameworks */,
				87682440296C78FB003758A2 /* Resources */,
			);
			buildRules = (
			);
			dependencies = (
				87682444296C78FB003758A2 /* PBXTargetDependency */,
			);
			name = MyGarden2Tests;
			productName = MyGarden2Tests;
			productReference = 87682442296C78FB003758A2 /* MyGarden2Tests.xctest */;
			productType = "com.apple.product-type.bundle.unit-test";
		};
		8768244B296C78FB003758A2 /* MyGarden2UITests */ = {
			isa = PBXNativeTarget;
			buildConfigurationList = 8768245C296C78FB003758A2 /* Build configuration list for PBXNativeTarget "MyGarden2UITests" */;
			buildPhases = (
				87682448296C78FB003758A2 /* Sources */,
				87682449296C78FB003758A2 /* Frameworks */,
				8768244A296C78FB003758A2 /* Resources */,
			);
			buildRules = (
			);
			dependencies = (
				8768244E296C78FB003758A2 /* PBXTargetDependency */,
			);
			name = MyGarden2UITests;
			productName = MyGarden2UITests;
			productReference = 8768244C296C78FB003758A2 /* MyGarden2UITests.xctest */;
			productType = "com.apple.product-type.bundle.ui-testing";
		};
/* End PBXNativeTarget section */

/* Begin PBXProject section */
		87682429296C78FA003758A2 /* Project object */ = {
			isa = PBXProject;
			attributes = {
				BuildIndependentTargetsInParallel = 1;
				LastSwiftUpdateCheck = 1420;
				LastUpgradeCheck = 1420;
				TargetAttributes = {
					87682430296C78FA003758A2 = {
						CreatedOnToolsVersion = 14.2;
					};
					87682441296C78FB003758A2 = {
						CreatedOnToolsVersion = 14.2;
						TestTargetID = 87682430296C78FA003758A2;
					};
					8768244B296C78FB003758A2 = {
						CreatedOnToolsVersion = 14.2;
						TestTargetID = 87682430296C78FA003758A2;
					};
				};
			};
			buildConfigurationList = 8768242C296C78FA003758A2 /* Build configuration list for PBXProject "MyGarden" */;
			compatibilityVersion = "Xcode 14.0";
			developmentRegion = en;
			hasScannedForEncodings = 0;
			knownRegions = (
				en,
				Base,
				ar,
			);
			mainGroup = 87682428296C78FA003758A2;
			packageReferences = (
				8768246F296D8672003758A2 /* XCRemoteSwiftPackageReference "lottie-ios" */,
				87682478296DA145003758A2 /* XCRemoteSwiftPackageReference "realm-swift" */,
			);
			productRefGroup = 87682432296C78FA003758A2 /* Products */;
			projectDirPath = "";
			projectRoot = "";
			targets = (
				87682430296C78FA003758A2 /* MyGarden2 */,
				87682441296C78FB003758A2 /* MyGarden2Tests */,
				8768244B296C78FB003758A2 /* MyGarden2UITests */,
			);
		};
/* End PBXProject section */

/* Begin PBXResourcesBuildPhase section */
		8768242F296C78FA003758A2 /* Resources */ = {
			isa = PBXResourcesBuildPhase;
			buildActionMask = 2147483647;
			files = (
				8768243D296C78FB003758A2 /* Preview Assets.xcassets in Resources */,
				874F8D112970213B00C85468 /* confetti.json in Resources */,
				87682473296D869F003758A2 /* plant 1.json in Resources */,
				874F8D142970232100C85468 /* Localizable.strings in Resources */,
				87682477296D86F5003758A2 /* Comp 1-6.json in Resources */,
				87682475296D86B5003758A2 /* Comp 1-4.json in Resources */,
				87682439296C78FB003758A2 /* Assets.xcassets in Resources */,
			);
			runOnlyForDeploymentPostprocessing = 0;
		};
		87682440296C78FB003758A2 /* Resources */ = {
			isa = PBXResourcesBuildPhase;
			buildActionMask = 2147483647;
			files = (
			);
			runOnlyForDeploymentPostprocessing = 0;
		};
		8768244A296C78FB003758A2 /* Resources */ = {
			isa = PBXResourcesBuildPhase;
			buildActionMask = 2147483647;
			files = (
			);
			runOnlyForDeploymentPostprocessing = 0;
		};
/* End PBXResourcesBuildPhase section */

/* Begin PBXSourcesBuildPhase section */
		8768242D296C78FA003758A2 /* Sources */ = {
			isa = PBXSourcesBuildPhase;
			buildActionMask = 2147483647;
			files = (
				87682437296C78FA003758A2 /* ContentView.swift in Sources */,
				87682460296CDF81003758A2 /* File.swift in Sources */,
				8768246E296D85D5003758A2 /* LottieView.swift in Sources */,
				8768246A296D8414003758A2 /* SwiftUIView.swift in Sources */,
				87682483296DB2F7003758A2 /* Plant.swift in Sources */,
				874F8D0F296E135000C85468 /* PlantList.swift in Sources */,
				874F8D192970568800C85468 /* timer.swift in Sources */,
				87682481296DB2C4003758A2 /* ViewModel.swift in Sources */,
				87682435296C78FA003758A2 /* MyGarden2App.swift in Sources */,
			);
			runOnlyForDeploymentPostprocessing = 0;
		};
		8768243E296C78FB003758A2 /* Sources */ = {
			isa = PBXSourcesBuildPhase;
			buildActionMask = 2147483647;
			files = (
				87682447296C78FB003758A2 /* MyGarden2Tests.swift in Sources */,
			);
			runOnlyForDeploymentPostprocessing = 0;
		};
		87682448296C78FB003758A2 /* Sources */ = {
			isa = PBXSourcesBuildPhase;
			buildActionMask = 2147483647;
			files = (
				87682453296C78FB003758A2 /* MyGarden2UITestsLaunchTests.swift in Sources */,
				87682451296C78FB003758A2 /* MyGarden2UITests.swift in Sources */,
			);
			runOnlyForDeploymentPostprocessing = 0;
		};
/* End PBXSourcesBuildPhase section */

/* Begin PBXTargetDependency section */
		87682444296C78FB003758A2 /* PBXTargetDependency */ = {
			isa = PBXTargetDependency;
			target = 87682430296C78FA003758A2 /* MyGarden2 */;
			targetProxy = 87682443296C78FB003758A2 /* PBXContainerItemProxy */;
		};
		8768244E296C78FB003758A2 /* PBXTargetDependency */ = {
			isa = PBXTargetDependency;
			target = 87682430296C78FA003758A2 /* MyGarden2 */;
			targetProxy = 8768244D296C78FB003758A2 /* PBXContainerItemProxy */;
		};
/* End PBXTargetDependency section */

/* Begin PBXVariantGroup section */
		874F8D162970232100C85468 /* Localizable.strings */ = {
			isa = PBXVariantGroup;
			children = (
				874F8D152970232100C85468 /* en */,
				874F8D172970232700C85468 /* ar */,
			);
			name = Localizable.strings;
			sourceTree = "<group>";
		};
/* End PBXVariantGroup section */

/* Begin XCBuildConfiguration section */
		87682454296C78FB003758A2 /* Debug */ = {
			isa = XCBuildConfiguration;
			buildSettings = {
				ALWAYS_SEARCH_USER_PATHS = NO;
				CLANG_ANALYZER_NONNULL = YES;
				CLANG_ANALYZER_NUMBER_OBJECT_CONVERSION = YES_AGGRESSIVE;
				CLANG_CXX_LANGUAGE_STANDARD = "gnu++20";
				CLANG_ENABLE_MODULES = YES;
				CLANG_ENABLE_OBJC_ARC = YES;
				CLANG_ENABLE_OBJC_WEAK = YES;
				CLANG_WARN_BLOCK_CAPTURE_AUTORELEASING = YES;
				CLANG_WARN_BOOL_CONVERSION = YES;
				CLANG_WARN_COMMA = YES;
				CLANG_WARN_CONSTANT_CONVERSION = YES;
				CLANG_WARN_DEPRECATED_OBJC_IMPLEMENTATIONS = YES;
				CLANG_WARN_DIRECT_OBJC_ISA_USAGE = YES_ERROR;
				CLANG_WARN_DOCUMENTATION_COMMENTS = YES;
				CLANG_WARN_EMPTY_BODY = YES;
				CLANG_WARN_ENUM_CONVERSION = YES;
				CLANG_WARN_INFINITE_RECURSION = YES;
				CLANG_WARN_INT_CONVERSION = YES;
				CLANG_WARN_NON_LITERAL_NULL_CONVERSION = YES;
				CLANG_WARN_OBJC_IMPLICIT_RETAIN_SELF = YES;
				CLANG_WARN_OBJC_LITERAL_CONVERSION = YES;
				CLANG_WARN_OBJC_ROOT_CLASS = YES_ERROR;
				CLANG_WARN_QUOTED_INCLUDE_IN_FRAMEWORK_HEADER = YES;
				CLANG_WARN_RANGE_LOOP_ANALYSIS = YES;
				CLANG_WARN_STRICT_PROTOTYPES = YES;
				CLANG_WARN_SUSPICIOUS_MOVE = YES;
				CLANG_WARN_UNGUARDED_AVAILABILITY = YES_AGGRESSIVE;
				CLANG_WARN_UNREACHABLE_CODE = YES;
				CLANG_WARN__DUPLICATE_METHOD_MATCH = YES;
				COPY_PHASE_STRIP = NO;
				DEBUG_INFORMATION_FORMAT = dwarf;
				ENABLE_STRICT_OBJC_MSGSEND = YES;
				ENABLE_TESTABILITY = YES;
				GCC_C_LANGUAGE_STANDARD = gnu11;
				GCC_DYNAMIC_NO_PIC = NO;
				GCC_NO_COMMON_BLOCKS = YES;
				GCC_OPTIMIZATION_LEVEL = 0;
				GCC_PREPROCESSOR_DEFINITIONS = (
					"DEBUG=1",
					"$(inherited)",
				);
				GCC_WARN_64_TO_32_BIT_CONVERSION = YES;
				GCC_WARN_ABOUT_RETURN_TYPE = YES_ERROR;
				GCC_WARN_UNDECLARED_SELECTOR = YES;
				GCC_WARN_UNINITIALIZED_AUTOS = YES_AGGRESSIVE;
				GCC_WARN_UNUSED_FUNCTION = YES;
				GCC_WARN_UNUSED_VARIABLE = YES;
				MTL_ENABLE_DEBUG_INFO = INCLUDE_SOURCE;
				MTL_FAST_MATH = YES;
				ONLY_ACTIVE_ARCH = YES;
				SWIFT_ACTIVE_COMPILATION_CONDITIONS = DEBUG;
				SWIFT_OPTIMIZATION_LEVEL = "-Onone";
			};
			name = Debug;
		};
		87682455296C78FB003758A2 /* Release */ = {
			isa = XCBuildConfiguration;
			buildSettings = {
				ALWAYS_SEARCH_USER_PATHS = NO;
				CLANG_ANALYZER_NONNULL = YES;
				CLANG_ANALYZER_NUMBER_OBJECT_CONVERSION = YES_AGGRESSIVE;
				CLANG_CXX_LANGUAGE_STANDARD = "gnu++20";
				CLANG_ENABLE_MODULES = YES;
				CLANG_ENABLE_OBJC_ARC = YES;
				CLANG_ENABLE_OBJC_WEAK = YES;
				CLANG_WARN_BLOCK_CAPTURE_AUTORELEASING = YES;
				CLANG_WARN_BOOL_CONVERSION = YES;
				CLANG_WARN_COMMA = YES;
				CLANG_WARN_CONSTANT_CONVERSION = YES;
				CLANG_WARN_DEPRECATED_OBJC_IMPLEMENTATIONS = YES;
				CLANG_WARN_DIRECT_OBJC_ISA_USAGE = YES_ERROR;
				CLANG_WARN_DOCUMENTATION_COMMENTS = YES;
				CLANG_WARN_EMPTY_BODY = YES;
				CLANG_WARN_ENUM_CONVERSION = YES;
				CLANG_WARN_INFINITE_RECURSION = YES;
				CLANG_WARN_INT_CONVERSION = YES;
				CLANG_WARN_NON_LITERAL_NULL_CONVERSION = YES;
				CLANG_WARN_OBJC_IMPLICIT_RETAIN_SELF = YES;
				CLANG_WARN_OBJC_LITERAL_CONVERSION = YES;
				CLANG_WARN_OBJC_ROOT_CLASS = YES_ERROR;
				CLANG_WARN_QUOTED_INCLUDE_IN_FRAMEWORK_HEADER = YES;
				CLANG_WARN_RANGE_LOOP_ANALYSIS = YES;
				CLANG_WARN_STRICT_PROTOTYPES = YES;
				CLANG_WARN_SUSPICIOUS_MOVE = YES;
				CLANG_WARN_UNGUARDED_AVAILABILITY = YES_AGGRESSIVE;
				CLANG_WARN_UNREACHABLE_CODE = YES;
				CLANG_WARN__DUPLICATE_METHOD_MATCH = YES;
				COPY_PHASE_STRIP = NO;
				DEBUG_INFORMATION_FORMAT = "dwarf-with-dsym";
				ENABLE_NS_ASSERTIONS = NO;
				ENABLE_STRICT_OBJC_MSGSEND = YES;
				GCC_C_LANGUAGE_STANDARD = gnu11;
				GCC_NO_COMMON_BLOCKS = YES;
				GCC_WARN_64_TO_32_BIT_CONVERSION = YES;
				GCC_WARN_ABOUT_RETURN_TYPE = YES_ERROR;
				GCC_WARN_UNDECLARED_SELECTOR = YES;
				GCC_WARN_UNINITIALIZED_AUTOS = YES_AGGRESSIVE;
				GCC_WARN_UNUSED_FUNCTION = YES;
				GCC_WARN_UNUSED_VARIABLE = YES;
				MTL_ENABLE_DEBUG_INFO = NO;
				MTL_FAST_MATH = YES;
				SWIFT_COMPILATION_MODE = wholemodule;
				SWIFT_OPTIMIZATION_LEVEL = "-O";
			};
			name = Release;
		};
		87682457296C78FB003758A2 /* Debug */ = {
			isa = XCBuildConfiguration;
			buildSettings = {
				ASSETCATALOG_COMPILER_APPICON_NAME = AppIcon;
				ASSETCATALOG_COMPILER_GLOBAL_ACCENT_COLOR_NAME = AccentColor;
				CODE_SIGN_ENTITLEMENTS = MyGarden2/MyGarden2.entitlements;
				CODE_SIGN_STYLE = Automatic;
				CURRENT_PROJECT_VERSION = 1;
				DEVELOPMENT_ASSET_PATHS = "\"MyGarden2/Preview Content\"";
				DEVELOPMENT_TEAM = 835M9N77A9;
				ENABLE_HARDENED_RUNTIME = YES;
				ENABLE_PREVIEWS = YES;
				GENERATE_INFOPLIST_FILE = YES;
				"INFOPLIST_KEY_UIApplicationSceneManifest_Generation[sdk=iphoneos*]" = YES;
				"INFOPLIST_KEY_UIApplicationSceneManifest_Generation[sdk=iphonesimulator*]" = YES;
				"INFOPLIST_KEY_UIApplicationSupportsIndirectInputEvents[sdk=iphoneos*]" = YES;
				"INFOPLIST_KEY_UIApplicationSupportsIndirectInputEvents[sdk=iphonesimulator*]" = YES;
				"INFOPLIST_KEY_UILaunchScreen_Generation[sdk=iphoneos*]" = YES;
				"INFOPLIST_KEY_UILaunchScreen_Generation[sdk=iphonesimulator*]" = YES;
				"INFOPLIST_KEY_UIStatusBarStyle[sdk=iphoneos*]" = UIStatusBarStyleDefault;
				"INFOPLIST_KEY_UIStatusBarStyle[sdk=iphonesimulator*]" = UIStatusBarStyleDefault;
				INFOPLIST_KEY_UISupportedInterfaceOrientations_iPad = "UIInterfaceOrientationPortrait UIInterfaceOrientationPortraitUpsideDown UIInterfaceOrientationLandscapeLeft UIInterfaceOrientationLandscapeRight";
				INFOPLIST_KEY_UISupportedInterfaceOrientations_iPhone = "UIInterfaceOrientationPortrait UIInterfaceOrientationLandscapeLeft UIInterfaceOrientationLandscapeRight";
				IPHONEOS_DEPLOYMENT_TARGET = 16.2;
				LD_RUNPATH_SEARCH_PATHS = "@executable_path/Frameworks";
				"LD_RUNPATH_SEARCH_PATHS[sdk=macosx*]" = "@executable_path/../Frameworks";
				MACOSX_DEPLOYMENT_TARGET = 13.0;
				MARKETING_VERSION = 1.0;
				PRODUCT_BUNDLE_IDENTIFIER = com.reema.MyGarden2;
				PRODUCT_NAME = "$(TARGET_NAME)";
				SDKROOT = auto;
				SUPPORTED_PLATFORMS = "iphoneos iphonesimulator macosx";
				SWIFT_EMIT_LOC_STRINGS = YES;
				SWIFT_VERSION = 5.0;
				TARGETED_DEVICE_FAMILY = "1,2";
			};
			name = Debug;
		};
		87682458296C78FB003758A2 /* Release */ = {
			isa = XCBuildConfiguration;
			buildSettings = {
				ASSETCATALOG_COMPILER_APPICON_NAME = AppIcon;
				ASSETCATALOG_COMPILER_GLOBAL_ACCENT_COLOR_NAME = AccentColor;
				CODE_SIGN_ENTITLEMENTS = MyGarden2/MyGarden2.entitlements;
				CODE_SIGN_STYLE = Automatic;
				CURRENT_PROJECT_VERSION = 1;
				DEVELOPMENT_ASSET_PATHS = "\"MyGarden2/Preview Content\"";
				DEVELOPMENT_TEAM = 835M9N77A9;
				ENABLE_HARDENED_RUNTIME = YES;
				ENABLE_PREVIEWS = YES;
				GENERATE_INFOPLIST_FILE = YES;
				"INFOPLIST_KEY_UIApplicationSceneManifest_Generation[sdk=iphoneos*]" = YES;
				"INFOPLIST_KEY_UIApplicationSceneManifest_Generation[sdk=iphonesimulator*]" = YES;
				"INFOPLIST_KEY_UIApplicationSupportsIndirectInputEvents[sdk=iphoneos*]" = YES;
				"INFOPLIST_KEY_UIApplicationSupportsIndirectInputEvents[sdk=iphonesimulator*]" = YES;
				"INFOPLIST_KEY_UILaunchScreen_Generation[sdk=iphoneos*]" = YES;
				"INFOPLIST_KEY_UILaunchScreen_Generation[sdk=iphonesimulator*]" = YES;
				"INFOPLIST_KEY_UIStatusBarStyle[sdk=iphoneos*]" = UIStatusBarStyleDefault;
				"INFOPLIST_KEY_UIStatusBarStyle[sdk=iphonesimulator*]" = UIStatusBarStyleDefault;
				INFOPLIST_KEY_UISupportedInterfaceOrientations_iPad = "UIInterfaceOrientationPortrait UIInterfaceOrientationPortraitUpsideDown UIInterfaceOrientationLandscapeLeft UIInterfaceOrientationLandscapeRight";
				INFOPLIST_KEY_UISupportedInterfaceOrientations_iPhone = "UIInterfaceOrientationPortrait UIInterfaceOrientationLandscapeLeft UIInterfaceOrientationLandscapeRight";
				IPHONEOS_DEPLOYMENT_TARGET = 16.2;
				LD_RUNPATH_SEARCH_PATHS = "@executable_path/Frameworks";
				"LD_RUNPATH_SEARCH_PATHS[sdk=macosx*]" = "@executable_path/../Frameworks";
				MACOSX_DEPLOYMENT_TARGET = 13.0;
				MARKETING_VERSION = 1.0;
				PRODUCT_BUNDLE_IDENTIFIER = com.reema.MyGarden2;
				PRODUCT_NAME = "$(TARGET_NAME)";
				SDKROOT = auto;
				SUPPORTED_PLATFORMS = "iphoneos iphonesimulator macosx";
				SWIFT_EMIT_LOC_STRINGS = YES;
				SWIFT_VERSION = 5.0;
				TARGETED_DEVICE_FAMILY = "1,2";
			};
			name = Release;
		};
		8768245A296C78FB003758A2 /* Debug */ = {
			isa = XCBuildConfiguration;
			buildSettings = {
				ALWAYS_EMBED_SWIFT_STANDARD_LIBRARIES = YES;
				BUNDLE_LOADER = "$(TEST_HOST)";
				CODE_SIGN_STYLE = Automatic;
				CURRENT_PROJECT_VERSION = 1;
				DEVELOPMENT_TEAM = 835M9N77A9;
				GENERATE_INFOPLIST_FILE = YES;
				IPHONEOS_DEPLOYMENT_TARGET = 16.2;
				MACOSX_DEPLOYMENT_TARGET = 13.0;
				MARKETING_VERSION = 1.0;
				PRODUCT_BUNDLE_IDENTIFIER = com.reema.MyGarden2Tests;
				PRODUCT_NAME = "$(TARGET_NAME)";
				SDKROOT = auto;
				SUPPORTED_PLATFORMS = "iphoneos iphonesimulator macosx";
				SWIFT_EMIT_LOC_STRINGS = NO;
				SWIFT_VERSION = 5.0;
				TARGETED_DEVICE_FAMILY = "1,2";
				TEST_HOST = "$(BUILT_PRODUCTS_DIR)/MyGarden2.app/$(BUNDLE_EXECUTABLE_FOLDER_PATH)/MyGarden2";
			};
			name = Debug;
		};
		8768245B296C78FB003758A2 /* Release */ = {
			isa = XCBuildConfiguration;
			buildSettings = {
				ALWAYS_EMBED_SWIFT_STANDARD_LIBRARIES = YES;
				BUNDLE_LOADER = "$(TEST_HOST)";
				CODE_SIGN_STYLE = Automatic;
				CURRENT_PROJECT_VERSION = 1;
				DEVELOPMENT_TEAM = 835M9N77A9;
				GENERATE_INFOPLIST_FILE = YES;
				IPHONEOS_DEPLOYMENT_TARGET = 16.2;
				MACOSX_DEPLOYMENT_TARGET = 13.0;
				MARKETING_VERSION = 1.0;
				PRODUCT_BUNDLE_IDENTIFIER = com.reema.MyGarden2Tests;
				PRODUCT_NAME = "$(TARGET_NAME)";
				SDKROOT = auto;
				SUPPORTED_PLATFORMS = "iphoneos iphonesimulator macosx";
				SWIFT_EMIT_LOC_STRINGS = NO;
				SWIFT_VERSION = 5.0;
				TARGETED_DEVICE_FAMILY = "1,2";
				TEST_HOST = "$(BUILT_PRODUCTS_DIR)/MyGarden2.app/$(BUNDLE_EXECUTABLE_FOLDER_PATH)/MyGarden2";
			};
			name = Release;
		};
		8768245D296C78FB003758A2 /* Debug */ = {
			isa = XCBuildConfiguration;
			buildSettings = {
				ALWAYS_EMBED_SWIFT_STANDARD_LIBRARIES = YES;
				CODE_SIGN_STYLE = Automatic;
				CURRENT_PROJECT_VERSION = 1;
				DEVELOPMENT_TEAM = 835M9N77A9;
				GENERATE_INFOPLIST_FILE = YES;
				IPHONEOS_DEPLOYMENT_TARGET = 16.2;
				MACOSX_DEPLOYMENT_TARGET = 13.0;
				MARKETING_VERSION = 1.0;
				PRODUCT_BUNDLE_IDENTIFIER = com.reema.MyGarden2UITests;
				PRODUCT_NAME = "$(TARGET_NAME)";
				SDKROOT = auto;
				SUPPORTED_PLATFORMS = "iphoneos iphonesimulator macosx";
				SWIFT_EMIT_LOC_STRINGS = NO;
				SWIFT_VERSION = 5.0;
				TARGETED_DEVICE_FAMILY = "1,2";
				TEST_TARGET_NAME = MyGarden2;
			};
			name = Debug;
		};
		8768245E296C78FB003758A2 /* Release */ = {
			isa = XCBuildConfiguration;
			buildSettings = {
				ALWAYS_EMBED_SWIFT_STANDARD_LIBRARIES = YES;
				CODE_SIGN_STYLE = Automatic;
				CURRENT_PROJECT_VERSION = 1;
				DEVELOPMENT_TEAM = 835M9N77A9;
				GENERATE_INFOPLIST_FILE = YES;
				IPHONEOS_DEPLOYMENT_TARGET = 16.2;
				MACOSX_DEPLOYMENT_TARGET = 13.0;
				MARKETING_VERSION = 1.0;
				PRODUCT_BUNDLE_IDENTIFIER = com.reema.MyGarden2UITests;
				PRODUCT_NAME = "$(TARGET_NAME)";
				SDKROOT = auto;
				SUPPORTED_PLATFORMS = "iphoneos iphonesimulator macosx";
				SWIFT_EMIT_LOC_STRINGS = NO;
				SWIFT_VERSION = 5.0;
				TARGETED_DEVICE_FAMILY = "1,2";
				TEST_TARGET_NAME = MyGarden2;
			};
			name = Release;
		};
/* End XCBuildConfiguration section */

/* Begin XCConfigurationList section */
		8768242C296C78FA003758A2 /* Build configuration list for PBXProject "MyGarden" */ = {
			isa = XCConfigurationList;
			buildConfigurations = (
				87682454296C78FB003758A2 /* Debug */,
				87682455296C78FB003758A2 /* Release */,
			);
			defaultConfigurationIsVisible = 0;
			defaultConfigurationName = Release;
		};
		87682456296C78FB003758A2 /* Build configuration list for PBXNativeTarget "MyGarden2" */ = {
			isa = XCConfigurationList;
			buildConfigurations = (
				87682457296C78FB003758A2 /* Debug */,
				87682458296C78FB003758A2 /* Release */,
			);
			defaultConfigurationIsVisible = 0;
			defaultConfigurationName = Release;
		};
		87682459296C78FB003758A2 /* Build configuration list for PBXNativeTarget "MyGarden2Tests" */ = {
			isa = XCConfigurationList;
			buildConfigurations = (
				8768245A296C78FB003758A2 /* Debug */,
				8768245B296C78FB003758A2 /* Release */,
			);
			defaultConfigurationIsVisible = 0;
			defaultConfigurationName = Release;
		};
		8768245C296C78FB003758A2 /* Build configuration list for PBXNativeTarget "MyGarden2UITests" */ = {
			isa = XCConfigurationList;
			buildConfigurations = (
				8768245D296C78FB003758A2 /* Debug */,
				8768245E296C78FB003758A2 /* Release */,
			);
			defaultConfigurationIsVisible = 0;
			defaultConfigurationName = Release;
		};
/* End XCConfigurationList section */

/* Begin XCRemoteSwiftPackageReference section */
		8768246F296D8672003758A2 /* XCRemoteSwiftPackageReference "lottie-ios" */ = {
			isa = XCRemoteSwiftPackageReference;
			repositoryURL = "https://github.com/airbnb/lottie-ios";
			requirement = {
				kind = exactVersion;
				version = 3.5.0;
			};
		};
		87682478296DA145003758A2 /* XCRemoteSwiftPackageReference "realm-swift" */ = {
			isa = XCRemoteSwiftPackageReference;
			repositoryURL = "https://github.com/realm/realm-swift";
			requirement = {
				branch = master;
				kind = branch;
			};
		};
/* End XCRemoteSwiftPackageReference section */

/* Begin XCSwiftPackageProductDependency section */
		87682470296D8672003758A2 /* Lottie */ = {
			isa = XCSwiftPackageProductDependency;
			package = 8768246F296D8672003758A2 /* XCRemoteSwiftPackageReference "lottie-ios" */;
			productName = Lottie;
		};
		87682479296DA145003758A2 /* Realm */ = {
			isa = XCSwiftPackageProductDependency;
			package = 87682478296DA145003758A2 /* XCRemoteSwiftPackageReference "realm-swift" */;
			productName = Realm;
		};
		8768247B296DA145003758A2 /* RealmSwift */ = {
			isa = XCSwiftPackageProductDependency;
			package = 87682478296DA145003758A2 /* XCRemoteSwiftPackageReference "realm-swift" */;
			productName = RealmSwift;
		};
/* End XCSwiftPackageProductDependency section */
	};
	rootObject = 87682429296C78FA003758A2 /* Project object */;
}
